
Microsoft Visual Studio Solution File, Format Version 12.00
# Visual Studio Version 17
VisualStudioVersion = 17.5.33516.290
MinimumVisualStudioVersion = 10.0.40219.1
Project("{9A19103F-16F7-4668-BE54-9A1E7A4F7556}") = "AutotestProject", "AutoTestSolution\AutotestProject.csproj", "{E172A2F9-74F3-42AA-ACFB-4D8ED6B6592D}"
EndProject
Global
	GlobalSection(SolutionConfigurationPlatforms) = preSolution
		Debug|Any CPU = Debug|Any CPU
		Release|Any CPU = Release|Any CPU
	EndGlobalSection
	GlobalSection(ProjectConfigurationPlatforms) = postSolution
		{E172A2F9-74F3-42AA-ACFB-4D8ED6B6592D}.Debug|Any CPU.ActiveCfg = Debug|Any CPU
		{E172A2F9-74F3-42AA-ACFB-4D8ED6B6592D}.Debug|Any CPU.Build.0 = Debug|Any CPU
		{E172A2F9-74F3-42AA-ACFB-4D8ED6B6592D}.Release|Any CPU.ActiveCfg = Release|Any CPU
		{E172A2F9-74F3-42AA-ACFB-4D8ED6B6592D}.Release|Any CPU.Build.0 = Release|Any CPU
	EndGlobalSection
	GlobalSection(SolutionProperties) = preSolution
		HideSolutionNode = FALSE
	EndGlobalSection
	GlobalSection(ExtensibilityGlobals) = postSolution
		SolutionGuid = {FF452411-A15D-43FA-9B90-65A764CF6B67}
	EndGlobalSection
EndGlobal
